
Microsoft Visual Studio Solution File, Format Version 12.00
# Visual Studio Version 17
VisualStudioVersion = 17.8.34511.84
MinimumVisualStudioVersion = 10.0.40219.1
Project("{FAE04EC0-301F-11D3-BF4B-00C04F79EFBC}") = "ClubeDaLeitura.App", "ClubeDaLeitura.App\ClubeDaLeitura.App.csproj", "{35F653A7-21A0-4191-8C23-95F10892F21E}"
EndProject
Global
	GlobalSection(SolutionConfigurationPlatforms) = preSolution
		Debug|Any CPU = Debug|Any CPU
		Release|Any CPU = Release|Any CPU
	EndGlobalSection
	GlobalSection(ProjectConfigurationPlatforms) = postSolution
		{35F653A7-21A0-4191-8C23-95F10892F21E}.Debug|Any CPU.ActiveCfg = Debug|Any CPU
		{35F653A7-21A0-4191-8C23-95F10892F21E}.Debug|Any CPU.Build.0 = Debug|Any CPU
		{35F653A7-21A0-4191-8C23-95F10892F21E}.Release|Any CPU.ActiveCfg = Release|Any CPU
		{35F653A7-21A0-4191-8C23-95F10892F21E}.Release|Any CPU.Build.0 = Release|Any CPU
	EndGlobalSection
	GlobalSection(SolutionProperties) = preSolution
		HideSolutionNode = FALSE
	EndGlobalSection
	GlobalSection(ExtensibilityGlobals) = postSolution
		SolutionGuid = {DC700204-52AF-471C-AB81-8C43AF2F877E}
	EndGlobalSection
EndGlobal
